
Microsoft Visual Studio Solution File, Format Version 12.00
# Visual Studio Version 17
VisualStudioVersion = 17.2.32630.192
MinimumVisualStudioVersion = 10.0.40219.1
Project("{FAE04EC0-301F-11D3-BF4B-00C04F79EFBC}") = "QueryHardwareSecurity", "src\QueryHardwareSecurity.csproj", "{19056527-820C-4867-A2BB-D982992106FC}"
EndProject
Global
	GlobalSection(SolutionConfigurationPlatforms) = preSolution
		Debug|Any CPU = Debug|Any CPU
		Release|Any CPU = Release|Any CPU
	EndGlobalSection
	GlobalSection(ProjectConfigurationPlatforms) = postSolution
		{19056527-820C-4867-A2BB-D982992106FC}.Debug|Any CPU.ActiveCfg = Debug|Any CPU
		{19056527-820C-4867-A2BB-D982992106FC}.Debug|Any CPU.Build.0 = Debug|Any CPU
		{19056527-820C-4867-A2BB-D982992106FC}.Release|Any CPU.ActiveCfg = Release|Any CPU
		{19056527-820C-4867-A2BB-D982992106FC}.Release|Any CPU.Build.0 = Release|Any CPU
	EndGlobalSection
	GlobalSection(SolutionProperties) = preSolution
		HideSolutionNode = FALSE
	EndGlobalSection
	GlobalSection(ExtensibilityGlobals) = postSolution
		SolutionGuid = {B4E26764-B6DD-4EF9-B044-B09904DA205D}
	EndGlobalSection
EndGlobal
